// !$*UTF8*$!
{
	archiveVersion = 1;
	classes = {
	};
	objectVersion = 50;
	objects = {

/* Begin PBXBuildFile section */
		4EE27A532541152C00795DB8 /* AppDelegate.swift in Sources */ = {isa = PBXBuildFile; fileRef = 4EE27A522541152C00795DB8 /* AppDelegate.swift */; };
		4EE27A552541152C00795DB8 /* SceneDelegate.swift in Sources */ = {isa = PBXBuildFile; fileRef = 4EE27A542541152C00795DB8 /* SceneDelegate.swift */; };
		4EE27A572541152C00795DB8 /* ViewController.swift in Sources */ = {isa = PBXBuildFile; fileRef = 4EE27A562541152C00795DB8 /* ViewController.swift */; };
		4EE27A5A2541152C00795DB8 /* Main.storyboard in Resources */ = {isa = PBXBuildFile; fileRef = 4EE27A582541152C00795DB8 /* Main.storyboard */; };
		4EE27A5C2541152D00795DB8 /* Assets.xcassets in Resources */ = {isa = PBXBuildFile; fileRef = 4EE27A5B2541152D00795DB8 /* Assets.xcassets */; };
		4EE27A5F2541152D00795DB8 /* LaunchScreen.storyboard in Resources */ = {isa = PBXBuildFile; fileRef = 4EE27A5D2541152D00795DB8 /* LaunchScreen.storyboard */; };
		4EE27A6A2541152D00795DB8 /* class_10_23Tests.swift in Sources */ = {isa = PBXBuildFile; fileRef = 4EE27A692541152D00795DB8 /* class_10_23Tests.swift */; };
		4EE27A752541152D00795DB8 /* class_10_23UITests.swift in Sources */ = {isa = PBXBuildFile; fileRef = 4EE27A742541152D00795DB8 /* class_10_23UITests.swift */; };
/* End PBXBuildFile section */

/* Begin PBXContainerItemProxy section */
		4EE27A662541152D00795DB8 /* PBXContainerItemProxy */ = {
			isa = PBXContainerItemProxy;
			containerPortal = 4EE27A472541152C00795DB8 /* Project object */;
			proxyType = 1;
			remoteGlobalIDString = 4EE27A4E2541152C00795DB8;
			remoteInfo = class_10_23;
		};
		4EE27A712541152D00795DB8 /* PBXContainerItemProxy */ = {
			isa = PBXContainerItemProxy;
			containerPortal = 4EE27A472541152C00795DB8 /* Project object */;
			proxyType = 1;
			remoteGlobalIDString = 4EE27A4E2541152C00795DB8;
			remoteInfo = class_10_23;
		};
/* End PBXContainerItemProxy section */

/* Begin PBXFileReference section */
		4EE27A4F2541152C00795DB8 /* class_10_23.app */ = {isa = PBXFileReference; explicitFileType = wrapper.application; includeInIndex = 0; path = class_10_23.app; sourceTree = BUILT_PRODUCTS_DIR; };
		4EE27A522541152C00795DB8 /* AppDelegate.swift */ = {isa = PBXFileReference; lastKnownFileType = sourcecode.swift; path = AppDelegate.swift; sourceTree = "<group>"; };
		4EE27A542541152C00795DB8 /* SceneDelegate.swift */ = {isa = PBXFileReference; lastKnownFileType = sourcecode.swift; path = SceneDelegate.swift; sourceTree = "<group>"; };
		4EE27A562541152C00795DB8 /* ViewController.swift */ = {isa = PBXFileReference; lastKnownFileType = sourcecode.swift; path = ViewController.swift; sourceTree = "<group>"; };
		4EE27A592541152C00795DB8 /* Base */ = {isa = PBXFileReference; lastKnownFileType = file.storyboard; name = Base; path = Base.lproj/Main.storyboard; sourceTree = "<group>"; };
		4EE27A5B2541152D00795DB8 /* Assets.xcassets */ = {isa = PBXFileReference; lastKnownFileType = folder.assetcatalog; path = Assets.xcassets; sourceTree = "<group>"; };
		4EE27A5E2541152D00795DB8 /* Base */ = {isa = PBXFileReference; lastKnownFileType = file.storyboard; name = Base; path = Base.lproj/LaunchScreen.storyboard; sourceTree = "<group>"; };
		4EE27A602541152D00795DB8 /* Info.plist */ = {isa = PBXFileReference; lastKnownFileType = text.plist.xml; path = Info.plist; sourceTree = "<group>"; };
		4EE27A652541152D00795DB8 /* class_10_23Tests.xctest */ = {isa = PBXFileReference; explicitFileType = wrapper.cfbundle; includeInIndex = 0; path = class_10_23Tests.xctest; sourceTree = BUILT_PRODUCTS_DIR; };
		4EE27A692541152D00795DB8 /* class_10_23Tests.swift */ = {isa = PBXFileReference; lastKnownFileType = sourcecode.swift; path = class_10_23Tests.swift; sourceTree = "<group>"; };
		4EE27A6B2541152D00795DB8 /* Info.plist */ = {isa = PBXFileReference; lastKnownFileType = text.plist.xml; path = Info.plist; sourceTree = "<group>"; };
		4EE27A702541152D00795DB8 /* class_10_23UITests.xctest */ = {isa = PBXFileReference; explicitFileType = wrapper.cfbundle; includeInIndex = 0; path = class_10_23UITests.xctest; sourceTree = BUILT_PRODUCTS_DIR; };
		4EE27A742541152D00795DB8 /* class_10_23UITests.swift */ = {isa = PBXFileReference; lastKnownFileType = sourcecode.swift; path = class_10_23UITests.swift; sourceTree = "<group>"; };
		4EE27A762541152D00795DB8 /* Info.plist */ = {isa = PBXFileReference; lastKnownFileType = text.plist.xml; path = Info.plist; sourceTree = "<group>"; };
/* End PBXFileReference section */

/* Begin PBXFrameworksBuildPhase section */
		4EE27A4C2541152C00795DB8 /* Frameworks */ = {
			isa = PBXFrameworksBuildPhase;
			buildActionMask = 2147483647;
			files = (
			);
			runOnlyForDeploymentPostprocessing = 0;
		};
		4EE27A622541152D00795DB8 /* Frameworks */ = {
			isa = PBXFrameworksBuildPhase;
			buildActionMask = 2147483647;
			files = (
			);
			runOnlyForDeploymentPostprocessing = 0;
		};
		4EE27A6D2541152D00795DB8 /* Frameworks */ = {
			isa = PBXFrameworksBuildPhase;
			buildActionMask = 2147483647;
			files = (
			);
			runOnlyForDeploymentPostprocessing = 0;
		};
/* End PBXFrameworksBuildPhase section */

/* Begin PBXGroup section */
		4EE27A462541152C00795DB8 = {
			isa = PBXGroup;
			children = (
				4EE27A512541152C00795DB8 /* class_10_23 */,
				4EE27A682541152D00795DB8 /* class_10_23Tests */,
				4EE27A732541152D00795DB8 /* class_10_23UITests */,
				4EE27A502541152C00795DB8 /* Products */,
			);
			sourceTree = "<group>";
		};
		4EE27A502541152C00795DB8 /* Products */ = {
			isa = PBXGroup;
			children = (
				4EE27A4F2541152C00795DB8 /* class_10_23.app */,
				4EE27A652541152D00795DB8 /* class_10_23Tests.xctest */,
				4EE27A702541152D00795DB8 /* class_10_23UITests.xctest */,
			);
			name = Products;
			sourceTree = "<group>";
		};
		4EE27A512541152C00795DB8 /* class_10_23 */ = {
			isa = PBXGroup;
			children = (
				4EE27A522541152C00795DB8 /* AppDelegate.swift */,
				4EE27A542541152C00795DB8 /* SceneDelegate.swift */,
				4EE27A562541152C00795DB8 /* ViewController.swift */,
				4EE27A582541152C00795DB8 /* Main.storyboard */,
				4EE27A5B2541152D00795DB8 /* Assets.xcassets */,
				4EE27A5D2541152D00795DB8 /* LaunchScreen.storyboard */,
				4EE27A602541152D00795DB8 /* Info.plist */,
			);
			path = class_10_23;
			sourceTree = "<group>";
		};
		4EE27A682541152D00795DB8 /* class_10_23Tests */ = {
			isa = PBXGroup;
			children = (
				4EE27A692541152D00795DB8 /* class_10_23Tests.swift */,
				4EE27A6B2541152D00795DB8 /* Info.plist */,
			);
			path = class_10_23Tests;
			sourceTree = "<group>";
		};
		4EE27A732541152D00795DB8 /* class_10_23UITests */ = {
			isa = PBXGroup;
			children = (
				4EE27A742541152D00795DB8 /* class_10_23UITests.swift */,
				4EE27A762541152D00795DB8 /* Info.plist */,
			);
			path = class_10_23UITests;
			sourceTree = "<group>";
		};
/* End PBXGroup section */

/* Begin PBXNativeTarget section */
		4EE27A4E2541152C00795DB8 /* class_10_23 */ = {
			isa = PBXNativeTarget;
			buildConfigurationList = 4EE27A792541152D00795DB8 /* Build configuration list for PBXNativeTarget "class_10_23" */;
			buildPhases = (
				4EE27A4B2541152C00795DB8 /* Sources */,
				4EE27A4C2541152C00795DB8 /* Frameworks */,
				4EE27A4D2541152C00795DB8 /* Resources */,
			);
			buildRules = (
			);
			dependencies = (
			);
			name = class_10_23;
			productName = class_10_23;
			productReference = 4EE27A4F2541152C00795DB8 /* class_10_23.app */;
			productType = "com.apple.product-type.application";
		};
		4EE27A642541152D00795DB8 /* class_10_23Tests */ = {
			isa = PBXNativeTarget;
			buildConfigurationList = 4EE27A7C2541152D00795DB8 /* Build configuration list for PBXNativeTarget "class_10_23Tests" */;
			buildPhases = (
				4EE27A612541152D00795DB8 /* Sources */,
				4EE27A622541152D00795DB8 /* Frameworks */,
				4EE27A632541152D00795DB8 /* Resources */,
			);
			buildRules = (
			);
			dependencies = (
				4EE27A672541152D00795DB8 /* PBXTargetDependency */,
			);
			name = class_10_23Tests;
			productName = class_10_23Tests;
			productReference = 4EE27A652541152D00795DB8 /* class_10_23Tests.xctest */;
			productType = "com.apple.product-type.bundle.unit-test";
		};
		4EE27A6F2541152D00795DB8 /* class_10_23UITests */ = {
			isa = PBXNativeTarget;
			buildConfigurationList = 4EE27A7F2541152D00795DB8 /* Build configuration list for PBXNativeTarget "class_10_23UITests" */;
			buildPhases = (
				4EE27A6C2541152D00795DB8 /* Sources */,
				4EE27A6D2541152D00795DB8 /* Frameworks */,
				4EE27A6E2541152D00795DB8 /* Resources */,
			);
			buildRules = (
			);
			dependencies = (
				4EE27A722541152D00795DB8 /* PBXTargetDependency */,
			);
			name = class_10_23UITests;
			productName = class_10_23UITests;
			productReference = 4EE27A702541152D00795DB8 /* class_10_23UITests.xctest */;
			productType = "com.apple.product-type.bundle.ui-testing";
		};
/* End PBXNativeTarget section */

/* Begin PBXProject section */
		4EE27A472541152C00795DB8 /* Project object */ = {
			isa = PBXProject;
			attributes = {
				LastSwiftUpdateCheck = 1130;
				LastUpgradeCheck = 1130;
				ORGANIZATIONNAME = NDHU_CSIE;
				TargetAttributes = {
					4EE27A4E2541152C00795DB8 = {
						CreatedOnToolsVersion = 11.3.1;
					};
					4EE27A642541152D00795DB8 = {
						CreatedOnToolsVersion = 11.3.1;
						TestTargetID = 4EE27A4E2541152C00795DB8;
					};
					4EE27A6F2541152D00795DB8 = {
						CreatedOnToolsVersion = 11.3.1;
						TestTargetID = 4EE27A4E2541152C00795DB8;
					};
				};
			};
			buildConfigurationList = 4EE27A4A2541152C00795DB8 /* Build configuration list for PBXProject "class_10_23" */;
			compatibilityVersion = "Xcode 9.3";
			developmentRegion = en;
			hasScannedForEncodings = 0;
			knownRegions = (
				en,
				Base,
			);
			mainGroup = 4EE27A462541152C00795DB8;
			productRefGroup = 4EE27A502541152C00795DB8 /* Products */;
			projectDirPath = "";
			projectRoot = "";
			targets = (
				4EE27A4E2541152C00795DB8 /* class_10_23 */,
				4EE27A642541152D00795DB8 /* class_10_23Tests */,
				4EE27A6F2541152D00795DB8 /* class_10_23UITests */,
			);
		};
/* End PBXProject section */

/* Begin PBXResourcesBuildPhase section */
		4EE27A4D2541152C00795DB8 /* Resources */ = {
			isa = PBXResourcesBuildPhase;
			buildActionMask = 2147483647;
			files = (
				4EE27A5F2541152D00795DB8 /* LaunchScreen.storyboard in Resources */,
				4EE27A5C2541152D00795DB8 /* Assets.xcassets in Resources */,
				4EE27A5A2541152C00795DB8 /* Main.storyboard in Resources */,
			);
			runOnlyForDeploymentPostprocessing = 0;
		};
		4EE27A632541152D00795DB8 /* Resources */ = {
			isa = PBXResourcesBuildPhase;
			buildActionMask = 2147483647;
			files = (
			);
			runOnlyForDeploymentPostprocessing = 0;
		};
		4EE27A6E2541152D00795DB8 /* Resources */ = {
			isa = PBXResourcesBuildPhase;
			buildActionMask = 2147483647;
			files = (
			);
			runOnlyForDeploymentPostprocessing = 0;
		};
/* End PBXResourcesBuildPhase section */

/* Begin PBXSourcesBuildPhase section */
		4EE27A4B2541152C00795DB8 /* Sources */ = {
			isa = PBXSourcesBuildPhase;
			buildActionMask = 2147483647;
			files = (
				4EE27A572541152C00795DB8 /* ViewController.swift in Sources */,
				4EE27A532541152C00795DB8 /* AppDelegate.swift in Sources */,
				4EE27A552541152C00795DB8 /* SceneDelegate.swift in Sources */,
			);
			runOnlyForDeploymentPostprocessing = 0;
		};
		4EE27A612541152D00795DB8 /* Sources */ = {
			isa = PBXSourcesBuildPhase;
			buildActionMask = 2147483647;
			files = (
				4EE27A6A2541152D00795DB8 /* class_10_23Tests.swift in Sources */,
			);
			runOnlyForDeploymentPostprocessing = 0;
		};
		4EE27A6C2541152D00795DB8 /* Sources */ = {
			isa = PBXSourcesBuildPhase;
			buildActionMask = 2147483647;
			files = (
				4EE27A752541152D00795DB8 /* class_10_23UITests.swift in Sources */,
			);
			runOnlyForDeploymentPostprocessing = 0;
		};
/* End PBXSourcesBuildPhase section */

/* Begin PBXTargetDependency section */
		4EE27A672541152D00795DB8 /* PBXTargetDependency */ = {
			isa = PBXTargetDependency;
			target = 4EE27A4E2541152C00795DB8 /* class_10_23 */;
			targetProxy = 4EE27A662541152D00795DB8 /* PBXContainerItemProxy */;
		};
		4EE27A722541152D00795DB8 /* PBXTargetDependency */ = {
			isa = PBXTargetDependency;
			target = 4EE27A4E2541152C00795DB8 /* class_10_23 */;
			targetProxy = 4EE27A712541152D00795DB8 /* PBXContainerItemProxy */;
		};
/* End PBXTargetDependency section */

/* Begin PBXVariantGroup section */
		4EE27A582541152C00795DB8 /* Main.storyboard */ = {
			isa = PBXVariantGroup;
			children = (
				4EE27A592541152C00795DB8 /* Base */,
			);
			name = Main.storyboard;
			sourceTree = "<group>";
		};
		4EE27A5D2541152D00795DB8 /* LaunchScreen.storyboard */ = {
			isa = PBXVariantGroup;
			children = (
				4EE27A5E2541152D00795DB8 /* Base */,
			);
			name = LaunchScreen.storyboard;
			sourceTree = "<group>";
		};
/* End PBXVariantGroup section */

/* Begin XCBuildConfiguration section */
		4EE27A772541152D00795DB8 /* Debug */ = {
			isa = XCBuildConfiguration;
			buildSettings = {
				ALWAYS_SEARCH_USER_PATHS = NO;
				CLANG_ANALYZER_NONNULL = YES;
				CLANG_ANALYZER_NUMBER_OBJECT_CONVERSION = YES_AGGRESSIVE;
				CLANG_CXX_LANGUAGE_STANDARD = "gnu++14";
				CLANG_CXX_LIBRARY = "libc++";
				CLANG_ENABLE_MODULES = YES;
				CLANG_ENABLE_OBJC_ARC = YES;
				CLANG_ENABLE_OBJC_WEAK = YES;
				CLANG_WARN_BLOCK_CAPTURE_AUTORELEASING = YES;
				CLANG_WARN_BOOL_CONVERSION = YES;
				CLANG_WARN_COMMA = YES;
				CLANG_WARN_CONSTANT_CONVERSION = YES;
				CLANG_WARN_DEPRECATED_OBJC_IMPLEMENTATIONS = YES;
				CLANG_WARN_DIRECT_OBJC_ISA_USAGE = YES_ERROR;
				CLANG_WARN_DOCUMENTATION_COMMENTS = YES;
				CLANG_WARN_EMPTY_BODY = YES;
				CLANG_WARN_ENUM_CONVERSION = YES;
				CLANG_WARN_INFINITE_RECURSION = YES;
				CLANG_WARN_INT_CONVERSION = YES;
				CLANG_WARN_NON_LITERAL_NULL_CONVERSION = YES;
				CLANG_WARN_OBJC_IMPLICIT_RETAIN_SELF = YES;
				CLANG_WARN_OBJC_LITERAL_CONVERSION = YES;
				CLANG_WARN_OBJC_ROOT_CLASS = YES_ERROR;
				CLANG_WARN_RANGE_LOOP_ANALYSIS = YES;
				CLANG_WARN_STRICT_PROTOTYPES = YES;
				CLANG_WARN_SUSPICIOUS_MOVE = YES;
				CLANG_WARN_UNGUARDED_AVAILABILITY = YES_AGGRESSIVE;
				CLANG_WARN_UNREACHABLE_CODE = YES;
				CLANG_WARN__DUPLICATE_METHOD_MATCH = YES;
				COPY_PHASE_STRIP = NO;
				DEBUG_INFORMATION_FORMAT = dwarf;
				ENABLE_STRICT_OBJC_MSGSEND = YES;
				ENABLE_TESTABILITY = YES;
				GCC_C_LANGUAGE_STANDARD = gnu11;
				GCC_DYNAMIC_NO_PIC = NO;
				GCC_NO_COMMON_BLOCKS = YES;
				GCC_OPTIMIZATION_LEVEL = 0;
				GCC_PREPROCESSOR_DEFINITIONS = (
					"DEBUG=1",
					"$(inherited)",
				);
				GCC_WARN_64_TO_32_BIT_CONVERSION = YES;
				GCC_WARN_ABOUT_RETURN_TYPE = YES_ERROR;
				GCC_WARN_UNDECLARED_SELECTOR = YES;
				GCC_WARN_UNINITIALIZED_AUTOS = YES_AGGRESSIVE;
				GCC_WARN_UNUSED_FUNCTION = YES;
				GCC_WARN_UNUSED_VARIABLE = YES;
				IPHONEOS_DEPLOYMENT_TARGET = 13.2;
				MTL_ENABLE_DEBUG_INFO = INCLUDE_SOURCE;
				MTL_FAST_MATH = YES;
				ONLY_ACTIVE_ARCH = YES;
				SDKROOT = iphoneos;
				SWIFT_ACTIVE_COMPILATION_CONDITIONS = DEBUG;
				SWIFT_OPTIMIZATION_LEVEL = "-Onone";
			};
			name = Debug;
		};
		4EE27A782541152D00795DB8 /* Release */ = {
			isa = XCBuildConfiguration;
			buildSettings = {
				ALWAYS_SEARCH_USER_PATHS = NO;
				CLANG_ANALYZER_NONNULL = YES;
				CLANG_ANALYZER_NUMBER_OBJECT_CONVERSION = YES_AGGRESSIVE;
				CLANG_CXX_LANGUAGE_STANDARD = "gnu++14";
				CLANG_CXX_LIBRARY = "libc++";
				CLANG_ENABLE_MODULES = YES;
				CLANG_ENABLE_OBJC_ARC = YES;
				CLANG_ENABLE_OBJC_WEAK = YES;
				CLANG_WARN_BLOCK_CAPTURE_AUTORELEASING = YES;
				CLANG_WARN_BOOL_CONVERSION = YES;
				CLANG_WARN_COMMA = YES;
				CLANG_WARN_CONSTANT_CONVERSION = YES;
				CLANG_WARN_DEPRECATED_OBJC_IMPLEMENTATIONS = YES;
				CLANG_WARN_DIRECT_OBJC_ISA_USAGE = YES_ERROR;
				CLANG_WARN_DOCUMENTATION_COMMENTS = YES;
				CLANG_WARN_EMPTY_BODY = YES;
				CLANG_WARN_ENUM_CONVERSION = YES;
				CLANG_WARN_INFINITE_RECURSION = YES;
				CLANG_WARN_INT_CONVERSION = YES;
				CLANG_WARN_NON_LITERAL_NULL_CONVERSION = YES;
				CLANG_WARN_OBJC_IMPLICIT_RETAIN_SELF = YES;
				CLANG_WARN_OBJC_LITERAL_CONVERSION = YES;
				CLANG_WARN_OBJC_ROOT_CLASS = YES_ERROR;
				CLANG_WARN_RANGE_LOOP_ANALYSIS = YES;
				CLANG_WARN_STRICT_PROTOTYPES = YES;
				CLANG_WARN_SUSPICIOUS_MOVE = YES;
				CLANG_WARN_UNGUARDED_AVAILABILITY = YES_AGGRESSIVE;
				CLANG_WARN_UNREACHABLE_CODE = YES;
				CLANG_WARN__DUPLICATE_METHOD_MATCH = YES;
				COPY_PHASE_STRIP = NO;
				DEBUG_INFORMATION_FORMAT = "dwarf-with-dsym";
				ENABLE_NS_ASSERTIONS = NO;
				ENABLE_STRICT_OBJC_MSGSEND = YES;
				GCC_C_LANGUAGE_STANDARD = gnu11;
				GCC_NO_COMMON_BLOCKS = YES;
				GCC_WARN_64_TO_32_BIT_CONVERSION = YES;
				GCC_WARN_ABOUT_RETURN_TYPE = YES_ERROR;
				GCC_WARN_UNDECLARED_SELECTOR = YES;
				GCC_WARN_UNINITIALIZED_AUTOS = YES_AGGRESSIVE;
				GCC_WARN_UNUSED_FUNCTION = YES;
				GCC_WARN_UNUSED_VARIABLE = YES;
				IPHONEOS_DEPLOYMENT_TARGET = 13.2;
				MTL_ENABLE_DEBUG_INFO = NO;
				MTL_FAST_MATH = YES;
				SDKROOT = iphoneos;
				SWIFT_COMPILATION_MODE = wholemodule;
				SWIFT_OPTIMIZATION_LEVEL = "-O";
				VALIDATE_PRODUCT = YES;
			};
			name = Release;
		};
		4EE27A7A2541152D00795DB8 /* Debug */ = {
			isa = XCBuildConfiguration;
			buildSettings = {
				ASSETCATALOG_COMPILER_APPICON_NAME = AppIcon;
				CODE_SIGN_STYLE = Automatic;
				INFOPLIST_FILE = class_10_23/Info.plist;
				LD_RUNPATH_SEARCH_PATHS = (
					"$(inherited)",
					"@executable_path/Frameworks",
				);
				PRODUCT_BUNDLE_IDENTIFIER = "edu.com.class-10-23";
				PRODUCT_NAME = "$(TARGET_NAME)";
				SWIFT_VERSION = 5.0;
				TARGETED_DEVICE_FAMILY = "1,2";
			};
			name = Debug;
		};
		4EE27A7B2541152D00795DB8 /* Release */ = {
			isa = XCBuildConfiguration;
			buildSettings = {
				ASSETCATALOG_COMPILER_APPICON_NAME = AppIcon;
				CODE_SIGN_STYLE = Automatic;
				INFOPLIST_FILE = class_10_23/Info.plist;
				LD_RUNPATH_SEARCH_PATHS = (
					"$(inherited)",
					"@executable_path/Frameworks",
				);
				PRODUCT_BUNDLE_IDENTIFIER = "edu.com.class-10-23";
				PRODUCT_NAME = "$(TARGET_NAME)";
				SWIFT_VERSION = 5.0;
				TARGETED_DEVICE_FAMILY = "1,2";
			};
			name = Release;
		};
		4EE27A7D2541152D00795DB8 /* Debug */ = {
			isa = XCBuildConfiguration;
			buildSettings = {
				ALWAYS_EMBED_SWIFT_STANDARD_LIBRARIES = YES;
				BUNDLE_LOADER = "$(TEST_HOST)";
				CODE_SIGN_STYLE = Automatic;
				INFOPLIST_FILE = class_10_23Tests/Info.plist;
				IPHONEOS_DEPLOYMENT_TARGET = 13.2;
				LD_RUNPATH_SEARCH_PATHS = (
					"$(inherited)",
					"@executable_path/Frameworks",
					"@loader_path/Frameworks",
				);
				PRODUCT_BUNDLE_IDENTIFIER = "edu.com.class-10-23Tests";
				PRODUCT_NAME = "$(TARGET_NAME)";
				SWIFT_VERSION = 5.0;
				TARGETED_DEVICE_FAMILY = "1,2";
				TEST_HOST = "$(BUILT_PRODUCTS_DIR)/class_10_23.app/class_10_23";
			};
			name = Debug;
		};
		4EE27A7E2541152D00795DB8 /* Release */ = {
			isa = XCBuildConfiguration;
			buildSettings = {
				ALWAYS_EMBED_SWIFT_STANDARD_LIBRARIES = YES;
				BUNDLE_LOADER = "$(TEST_HOST)";
				CODE_SIGN_STYLE = Automatic;
				INFOPLIST_FILE = class_10_23Tests/Info.plist;
				IPHONEOS_DEPLOYMENT_TARGET = 13.2;
				LD_RUNPATH_SEARCH_PATHS = (
					"$(inherited)",
					"@executable_path/Frameworks",
					"@loader_path/Frameworks",
				);
				PRODUCT_BUNDLE_IDENTIFIER = "edu.com.class-10-23Tests";
				PRODUCT_NAME = "$(TARGET_NAME)";
				SWIFT_VERSION = 5.0;
				TARGETED_DEVICE_FAMILY = "1,2";
				TEST_HOST = "$(BUILT_PRODUCTS_DIR)/class_10_23.app/class_10_23";
			};
			name = Release;
		};
		4EE27A802541152D00795DB8 /* Debug */ = {
			isa = XCBuildConfiguration;
			buildSettings = {
				ALWAYS_EMBED_SWIFT_STANDARD_LIBRARIES = YES;
				CODE_SIGN_STYLE = Automatic;
				INFOPLIST_FILE = class_10_23UITests/Info.plist;
				LD_RUNPATH_SEARCH_PATHS = (
					"$(inherited)",
					"@executable_path/Frameworks",
					"@loader_path/Frameworks",
				);
				PRODUCT_BUNDLE_IDENTIFIER = "edu.com.class-10-23UITests";
				PRODUCT_NAME = "$(TARGET_NAME)";
				SWIFT_VERSION = 5.0;
				TARGETED_DEVICE_FAMILY = "1,2";
				TEST_TARGET_NAME = class_10_23;
			};
			name = Debug;
		};
		4EE27A812541152D00795DB8 /* Release */ = {
			isa = XCBuildConfiguration;
			buildSettings = {
				ALWAYS_EMBED_SWIFT_STANDARD_LIBRARIES = YES;
				CODE_SIGN_STYLE = Automatic;
				INFOPLIST_FILE = class_10_23UITests/Info.plist;
				LD_RUNPATH_SEARCH_PATHS = (
					"$(inherited)",
					"@executable_path/Frameworks",
					"@loader_path/Frameworks",
				);
				PRODUCT_BUNDLE_IDENTIFIER = "edu.com.class-10-23UITests";
				PRODUCT_NAME = "$(TARGET_NAME)";
				SWIFT_VERSION = 5.0;
				TARGETED_DEVICE_FAMILY = "1,2";
				TEST_TARGET_NAME = class_10_23;
			};
			name = Release;
		};
/* End XCBuildConfiguration section */

/* Begin XCConfigurationList section */
		4EE27A4A2541152C00795DB8 /* Build configuration list for PBXProject "class_10_23" */ = {
			isa = XCConfigurationList;
			buildConfigurations = (
				4EE27A772541152D00795DB8 /* Debug */,
				4EE27A782541152D00795DB8 /* Release */,
			);
			defaultConfigurationIsVisible = 0;
			defaultConfigurationName = Release;
		};
		4EE27A792541152D00795DB8 /* Build configuration list for PBXNativeTarget "class_10_23" */ = {
			isa = XCConfigurationList;
			buildConfigurations = (
				4EE27A7A2541152D00795DB8 /* Debug */,
				4EE27A7B2541152D00795DB8 /* Release */,
			);
			defaultConfigurationIsVisible = 0;
			defaultConfigurationName = Release;
		};
		4EE27A7C2541152D00795DB8 /* Build configuration list for PBXNativeTarget "class_10_23Tests" */ = {
			isa = XCConfigurationList;
			buildConfigurations = (
				4EE27A7D2541152D00795DB8 /* Debug */,
				4EE27A7E2541152D00795DB8 /* Release */,
			);
			defaultConfigurationIsVisible = 0;
			defaultConfigurationName = Release;
		};
		4EE27A7F2541152D00795DB8 /* Build configuration list for PBXNativeTarget "class_10_23UITests" */ = {
			isa = XCConfigurationList;
			buildConfigurations = (
				4EE27A802541152D00795DB8 /* Debug */,
				4EE27A812541152D00795DB8 /* Release */,
			);
			defaultConfigurationIsVisible = 0;
			defaultConfigurationName = Release;
		};
/* End XCConfigurationList section */
	};
	rootObject = 4EE27A472541152C00795DB8 /* Project object */;
}
